
Microsoft Visual Studio Solution File, Format Version 12.00
# Visual Studio Version 17
VisualStudioVersion = 17.4.33213.308
MinimumVisualStudioVersion = 10.0.40219.1
Project("{FAE04EC0-301F-11D3-BF4B-00C04F79EFBC}") = "08 interrupcion x hardware", "08 interrupcion x hardware\08 interrupcion x hardware.csproj", "{B00C9911-622B-44FA-A275-9BEEF3D7046A}"
EndProject
Global
	GlobalSection(SolutionConfigurationPlatforms) = preSolution
		Debug|Any CPU = Debug|Any CPU
		Release|Any CPU = Release|Any CPU
	EndGlobalSection
	GlobalSection(ProjectConfigurationPlatforms) = postSolution
		{B00C9911-622B-44FA-A275-9BEEF3D7046A}.Debug|Any CPU.ActiveCfg = Debug|Any CPU
		{B00C9911-622B-44FA-A275-9BEEF3D7046A}.Debug|Any CPU.Build.0 = Debug|Any CPU
		{B00C9911-622B-44FA-A275-9BEEF3D7046A}.Release|Any CPU.ActiveCfg = Release|Any CPU
		{B00C9911-622B-44FA-A275-9BEEF3D7046A}.Release|Any CPU.Build.0 = Release|Any CPU
	EndGlobalSection
	GlobalSection(SolutionProperties) = preSolution
		HideSolutionNode = FALSE
	EndGlobalSection
	GlobalSection(ExtensibilityGlobals) = postSolution
		SolutionGuid = {66BF72CF-953E-4388-96EC-0508EEB888D9}
	EndGlobalSection
EndGlobal
