
Microsoft Visual Studio Solution File, Format Version 12.00
# Visual Studio Version 17
VisualStudioVersion = 17.4.33213.308
MinimumVisualStudioVersion = 10.0.40219.1
Project("{FAE04EC0-301F-11D3-BF4B-00C04F79EFBC}") = "03 DeadLockstarvation", "03 DeadLockstarvation\03 DeadLockstarvation.csproj", "{9E86C713-71AB-4CB8-A47F-DA3A60187133}"
EndProject
Global
	GlobalSection(SolutionConfigurationPlatforms) = preSolution
		Debug|Any CPU = Debug|Any CPU
		Release|Any CPU = Release|Any CPU
	EndGlobalSection
	GlobalSection(ProjectConfigurationPlatforms) = postSolution
		{9E86C713-71AB-4CB8-A47F-DA3A60187133}.Debug|Any CPU.ActiveCfg = Debug|Any CPU
		{9E86C713-71AB-4CB8-A47F-DA3A60187133}.Debug|Any CPU.Build.0 = Debug|Any CPU
		{9E86C713-71AB-4CB8-A47F-DA3A60187133}.Release|Any CPU.ActiveCfg = Release|Any CPU
		{9E86C713-71AB-4CB8-A47F-DA3A60187133}.Release|Any CPU.Build.0 = Release|Any CPU
	EndGlobalSection
	GlobalSection(SolutionProperties) = preSolution
		HideSolutionNode = FALSE
	EndGlobalSection
	GlobalSection(ExtensibilityGlobals) = postSolution
		SolutionGuid = {67422B04-E8EC-4F82-B601-932228366C71}
	EndGlobalSection
EndGlobal
