
Microsoft Visual Studio Solution File, Format Version 12.00
# Visual Studio Version 17
VisualStudioVersion = 17.4.33213.308
MinimumVisualStudioVersion = 10.0.40219.1
Project("{FAE04EC0-301F-11D3-BF4B-00C04F79EFBC}") = "07  software timers", "07  software timers\07  software timers.csproj", "{8D11424A-8000-4E33-AE43-3BE0D43580EE}"
EndProject
Global
	GlobalSection(SolutionConfigurationPlatforms) = preSolution
		Debug|Any CPU = Debug|Any CPU
		Release|Any CPU = Release|Any CPU
	EndGlobalSection
	GlobalSection(ProjectConfigurationPlatforms) = postSolution
		{8D11424A-8000-4E33-AE43-3BE0D43580EE}.Debug|Any CPU.ActiveCfg = Debug|Any CPU
		{8D11424A-8000-4E33-AE43-3BE0D43580EE}.Debug|Any CPU.Build.0 = Debug|Any CPU
		{8D11424A-8000-4E33-AE43-3BE0D43580EE}.Release|Any CPU.ActiveCfg = Release|Any CPU
		{8D11424A-8000-4E33-AE43-3BE0D43580EE}.Release|Any CPU.Build.0 = Release|Any CPU
	EndGlobalSection
	GlobalSection(SolutionProperties) = preSolution
		HideSolutionNode = FALSE
	EndGlobalSection
	GlobalSection(ExtensibilityGlobals) = postSolution
		SolutionGuid = {2E7424C2-F523-427F-A5F8-4E211EC3013C}
	EndGlobalSection
EndGlobal
